
Microsoft Visual Studio Solution File, Format Version 12.00
# Visual Studio Version 17
VisualStudioVersion = 17.8.34316.72
MinimumVisualStudioVersion = 10.0.40219.1
Project("{FAE04EC0-301F-11D3-BF4B-00C04F79EFBC}") = "12A_Tetris", "12A_Tetris\12A_Tetris.csproj", "{47BB5F79-9FFA-4708-B042-3D55BA076218}"
EndProject
Global
	GlobalSection(SolutionConfigurationPlatforms) = preSolution
		Debug|Any CPU = Debug|Any CPU
		Release|Any CPU = Release|Any CPU
	EndGlobalSection
	GlobalSection(ProjectConfigurationPlatforms) = postSolution
		{47BB5F79-9FFA-4708-B042-3D55BA076218}.Debug|Any CPU.ActiveCfg = Debug|Any CPU
		{47BB5F79-9FFA-4708-B042-3D55BA076218}.Debug|Any CPU.Build.0 = Debug|Any CPU
		{47BB5F79-9FFA-4708-B042-3D55BA076218}.Release|Any CPU.ActiveCfg = Release|Any CPU
		{47BB5F79-9FFA-4708-B042-3D55BA076218}.Release|Any CPU.Build.0 = Release|Any CPU
	EndGlobalSection
	GlobalSection(SolutionProperties) = preSolution
		HideSolutionNode = FALSE
	EndGlobalSection
	GlobalSection(ExtensibilityGlobals) = postSolution
		SolutionGuid = {F56FBEAB-C924-424A-B0D9-EEAF7F9E9427}
	EndGlobalSection
EndGlobal
